
Microsoft Visual Studio Solution File, Format Version 12.00
# Visual Studio Version 17
VisualStudioVersion = 17.4.33213.308
MinimumVisualStudioVersion = 10.0.40219.1
Project("{FAE04EC0-301F-11D3-BF4B-00C04F79EFBC}") = "ExampleWorkerService", "ExampleWorkerService\ExampleWorkerService.csproj", "{787E7A38-C4D3-481B-A346-EF6B5CC0156C}"
EndProject
Global
	GlobalSection(SolutionConfigurationPlatforms) = preSolution
		Debug|Any CPU = Debug|Any CPU
		Release|Any CPU = Release|Any CPU
	EndGlobalSection
	GlobalSection(ProjectConfigurationPlatforms) = postSolution
		{787E7A38-C4D3-481B-A346-EF6B5CC0156C}.Debug|Any CPU.ActiveCfg = Debug|Any CPU
		{787E7A38-C4D3-481B-A346-EF6B5CC0156C}.Debug|Any CPU.Build.0 = Debug|Any CPU
		{787E7A38-C4D3-481B-A346-EF6B5CC0156C}.Release|Any CPU.ActiveCfg = Release|Any CPU
		{787E7A38-C4D3-481B-A346-EF6B5CC0156C}.Release|Any CPU.Build.0 = Release|Any CPU
	EndGlobalSection
	GlobalSection(SolutionProperties) = preSolution
		HideSolutionNode = FALSE
	EndGlobalSection
	GlobalSection(ExtensibilityGlobals) = postSolution
		SolutionGuid = {7828C2BD-61D8-4321-B09D-A73231CB4349}
	EndGlobalSection
EndGlobal
